
Microsoft Visual Studio Solution File, Format Version 12.00
# Visual Studio Version 16
VisualStudioVersion = 16.0.29418.71
MinimumVisualStudioVersion = 10.0.40219.1
Project("{9A19103F-16F7-4668-BE54-9A1E7A4F7556}") = "DotsAndBoxes", "DotsAndBoxes\DotsAndBoxes.csproj", "{46D6C57F-C9A7-45AE-B9D2-EFDC16CF62F5}"
EndProject
Project("{9A19103F-16F7-4668-BE54-9A1E7A4F7556}") = "NeuralNetwork", "NeuralNetwork\NeuralNetwork.csproj", "{79C79BD0-1931-4D7F-B627-8639E6067718}"
EndProject
Project("{9A19103F-16F7-4668-BE54-9A1E7A4F7556}") = "Interfaces", "Interfaces\Interfaces.csproj", "{2E68C6CE-E0A4-475F-B023-3612C50C1434}"
EndProject
Project("{9A19103F-16F7-4668-BE54-9A1E7A4F7556}") = "Api", "Api\Api.csproj", "{276FC72A-04C4-4D4D-AF8B-88F3DEF00F89}"
EndProject
Project("{9A19103F-16F7-4668-BE54-9A1E7A4F7556}") = "Api.Data", "Api.Data\Api.Data.csproj", "{908296C7-67A9-4D0B-839F-F412251DF482}"
EndProject
Project("{9A19103F-16F7-4668-BE54-9A1E7A4F7556}") = "DotsAndBoxesTests", "DotsAndBoxesTests\DotsAndBoxesTests.csproj", "{48126F92-8F19-418C-B390-C1736C7F1D19}"
EndProject
Project("{9A19103F-16F7-4668-BE54-9A1E7A4F7556}") = "DotsAndBoxesWeb", "DotsAndBoxesWeb\DotsAndBoxesWeb.csproj", "{E3F888EC-EB67-4526-AD92-8F621B4F7966}"
EndProject
Global
	GlobalSection(SolutionConfigurationPlatforms) = preSolution
		Debug|Any CPU = Debug|Any CPU
		Debug|x64 = Debug|x64
		Debug|x86 = Debug|x86
		Release|Any CPU = Release|Any CPU
		Release|x64 = Release|x64
		Release|x86 = Release|x86
	EndGlobalSection
	GlobalSection(ProjectConfigurationPlatforms) = postSolution
		{46D6C57F-C9A7-45AE-B9D2-EFDC16CF62F5}.Debug|Any CPU.ActiveCfg = Debug|Any CPU
		{46D6C57F-C9A7-45AE-B9D2-EFDC16CF62F5}.Debug|Any CPU.Build.0 = Debug|Any CPU
		{46D6C57F-C9A7-45AE-B9D2-EFDC16CF62F5}.Debug|x64.ActiveCfg = Debug|Any CPU
		{46D6C57F-C9A7-45AE-B9D2-EFDC16CF62F5}.Debug|x64.Build.0 = Debug|Any CPU
		{46D6C57F-C9A7-45AE-B9D2-EFDC16CF62F5}.Debug|x86.ActiveCfg = Debug|Any CPU
		{46D6C57F-C9A7-45AE-B9D2-EFDC16CF62F5}.Debug|x86.Build.0 = Debug|Any CPU
		{46D6C57F-C9A7-45AE-B9D2-EFDC16CF62F5}.Release|Any CPU.ActiveCfg = Release|Any CPU
		{46D6C57F-C9A7-45AE-B9D2-EFDC16CF62F5}.Release|Any CPU.Build.0 = Release|Any CPU
		{46D6C57F-C9A7-45AE-B9D2-EFDC16CF62F5}.Release|x64.ActiveCfg = Release|Any CPU
		{46D6C57F-C9A7-45AE-B9D2-EFDC16CF62F5}.Release|x64.Build.0 = Release|Any CPU
		{46D6C57F-C9A7-45AE-B9D2-EFDC16CF62F5}.Release|x86.ActiveCfg = Release|Any CPU
		{46D6C57F-C9A7-45AE-B9D2-EFDC16CF62F5}.Release|x86.Build.0 = Release|Any CPU
		{79C79BD0-1931-4D7F-B627-8639E6067718}.Debug|Any CPU.ActiveCfg = Debug|Any CPU
		{79C79BD0-1931-4D7F-B627-8639E6067718}.Debug|Any CPU.Build.0 = Debug|Any CPU
		{79C79BD0-1931-4D7F-B627-8639E6067718}.Debug|x64.ActiveCfg = Debug|Any CPU
		{79C79BD0-1931-4D7F-B627-8639E6067718}.Debug|x64.Build.0 = Debug|Any CPU
		{79C79BD0-1931-4D7F-B627-8639E6067718}.Debug|x86.ActiveCfg = Debug|Any CPU
		{79C79BD0-1931-4D7F-B627-8639E6067718}.Debug|x86.Build.0 = Debug|Any CPU
		{79C79BD0-1931-4D7F-B627-8639E6067718}.Release|Any CPU.ActiveCfg = Release|Any CPU
		{79C79BD0-1931-4D7F-B627-8639E6067718}.Release|Any CPU.Build.0 = Release|Any CPU
		{79C79BD0-1931-4D7F-B627-8639E6067718}.Release|x64.ActiveCfg = Release|Any CPU
		{79C79BD0-1931-4D7F-B627-8639E6067718}.Release|x64.Build.0 = Release|Any CPU
		{79C79BD0-1931-4D7F-B627-8639E6067718}.Release|x86.ActiveCfg = Release|Any CPU
		{79C79BD0-1931-4D7F-B627-8639E6067718}.Release|x86.Build.0 = Release|Any CPU
		{2E68C6CE-E0A4-475F-B023-3612C50C1434}.Debug|Any CPU.ActiveCfg = Debug|Any CPU
		{2E68C6CE-E0A4-475F-B023-3612C50C1434}.Debug|Any CPU.Build.0 = Debug|Any CPU
		{2E68C6CE-E0A4-475F-B023-3612C50C1434}.Debug|x64.ActiveCfg = Debug|Any CPU
		{2E68C6CE-E0A4-475F-B023-3612C50C1434}.Debug|x64.Build.0 = Debug|Any CPU
		{2E68C6CE-E0A4-475F-B023-3612C50C1434}.Debug|x86.ActiveCfg = Debug|Any CPU
		{2E68C6CE-E0A4-475F-B023-3612C50C1434}.Debug|x86.Build.0 = Debug|Any CPU
		{2E68C6CE-E0A4-475F-B023-3612C50C1434}.Release|Any CPU.ActiveCfg = Release|Any CPU
		{2E68C6CE-E0A4-475F-B023-3612C50C1434}.Release|Any CPU.Build.0 = Release|Any CPU
		{2E68C6CE-E0A4-475F-B023-3612C50C1434}.Release|x64.ActiveCfg = Release|Any CPU
		{2E68C6CE-E0A4-475F-B023-3612C50C1434}.Release|x64.Build.0 = Release|Any CPU
		{2E68C6CE-E0A4-475F-B023-3612C50C1434}.Release|x86.ActiveCfg = Release|Any CPU
		{2E68C6CE-E0A4-475F-B023-3612C50C1434}.Release|x86.Build.0 = Release|Any CPU
		{276FC72A-04C4-4D4D-AF8B-88F3DEF00F89}.Debug|Any CPU.ActiveCfg = Debug|Any CPU
		{276FC72A-04C4-4D4D-AF8B-88F3DEF00F89}.Debug|Any CPU.Build.0 = Debug|Any CPU
		{276FC72A-04C4-4D4D-AF8B-88F3DEF00F89}.Debug|x64.ActiveCfg = Debug|Any CPU
		{276FC72A-04C4-4D4D-AF8B-88F3DEF00F89}.Debug|x64.Build.0 = Debug|Any CPU
		{276FC72A-04C4-4D4D-AF8B-88F3DEF00F89}.Debug|x86.ActiveCfg = Debug|Any CPU
		{276FC72A-04C4-4D4D-AF8B-88F3DEF00F89}.Debug|x86.Build.0 = Debug|Any CPU
		{276FC72A-04C4-4D4D-AF8B-88F3DEF00F89}.Release|Any CPU.ActiveCfg = Release|Any CPU
		{276FC72A-04C4-4D4D-AF8B-88F3DEF00F89}.Release|Any CPU.Build.0 = Release|Any CPU
		{276FC72A-04C4-4D4D-AF8B-88F3DEF00F89}.Release|x64.ActiveCfg = Release|Any CPU
		{276FC72A-04C4-4D4D-AF8B-88F3DEF00F89}.Release|x64.Build.0 = Release|Any CPU
		{276FC72A-04C4-4D4D-AF8B-88F3DEF00F89}.Release|x86.ActiveCfg = Release|Any CPU
		{276FC72A-04C4-4D4D-AF8B-88F3DEF00F89}.Release|x86.Build.0 = Release|Any CPU
		{908296C7-67A9-4D0B-839F-F412251DF482}.Debug|Any CPU.ActiveCfg = Debug|Any CPU
		{908296C7-67A9-4D0B-839F-F412251DF482}.Debug|Any CPU.Build.0 = Debug|Any CPU
		{908296C7-67A9-4D0B-839F-F412251DF482}.Debug|x64.ActiveCfg = Debug|Any CPU
		{908296C7-67A9-4D0B-839F-F412251DF482}.Debug|x64.Build.0 = Debug|Any CPU
		{908296C7-67A9-4D0B-839F-F412251DF482}.Debug|x86.ActiveCfg = Debug|Any CPU
		{908296C7-67A9-4D0B-839F-F412251DF482}.Debug|x86.Build.0 = Debug|Any CPU
		{908296C7-67A9-4D0B-839F-F412251DF482}.Release|Any CPU.ActiveCfg = Release|Any CPU
		{908296C7-67A9-4D0B-839F-F412251DF482}.Release|Any CPU.Build.0 = Release|Any CPU
		{908296C7-67A9-4D0B-839F-F412251DF482}.Release|x64.ActiveCfg = Release|Any CPU
		{908296C7-67A9-4D0B-839F-F412251DF482}.Release|x64.Build.0 = Release|Any CPU
		{908296C7-67A9-4D0B-839F-F412251DF482}.Release|x86.ActiveCfg = Release|Any CPU
		{908296C7-67A9-4D0B-839F-F412251DF482}.Release|x86.Build.0 = Release|Any CPU
		{48126F92-8F19-418C-B390-C1736C7F1D19}.Debug|Any CPU.ActiveCfg = Debug|Any CPU
		{48126F92-8F19-418C-B390-C1736C7F1D19}.Debug|Any CPU.Build.0 = Debug|Any CPU
		{48126F92-8F19-418C-B390-C1736C7F1D19}.Debug|x64.ActiveCfg = Debug|Any CPU
		{48126F92-8F19-418C-B390-C1736C7F1D19}.Debug|x64.Build.0 = Debug|Any CPU
		{48126F92-8F19-418C-B390-C1736C7F1D19}.Debug|x86.ActiveCfg = Debug|Any CPU
		{48126F92-8F19-418C-B390-C1736C7F1D19}.Debug|x86.Build.0 = Debug|Any CPU
		{48126F92-8F19-418C-B390-C1736C7F1D19}.Release|Any CPU.ActiveCfg = Release|Any CPU
		{48126F92-8F19-418C-B390-C1736C7F1D19}.Release|Any CPU.Build.0 = Release|Any CPU
		{48126F92-8F19-418C-B390-C1736C7F1D19}.Release|x64.ActiveCfg = Release|Any CPU
		{48126F92-8F19-418C-B390-C1736C7F1D19}.Release|x64.Build.0 = Release|Any CPU
		{48126F92-8F19-418C-B390-C1736C7F1D19}.Release|x86.ActiveCfg = Release|Any CPU
		{48126F92-8F19-418C-B390-C1736C7F1D19}.Release|x86.Build.0 = Release|Any CPU
		{E3F888EC-EB67-4526-AD92-8F621B4F7966}.Debug|Any CPU.ActiveCfg = Debug|Any CPU
		{E3F888EC-EB67-4526-AD92-8F621B4F7966}.Debug|Any CPU.Build.0 = Debug|Any CPU
		{E3F888EC-EB67-4526-AD92-8F621B4F7966}.Debug|x64.ActiveCfg = Debug|Any CPU
		{E3F888EC-EB67-4526-AD92-8F621B4F7966}.Debug|x64.Build.0 = Debug|Any CPU
		{E3F888EC-EB67-4526-AD92-8F621B4F7966}.Debug|x86.ActiveCfg = Debug|Any CPU
		{E3F888EC-EB67-4526-AD92-8F621B4F7966}.Debug|x86.Build.0 = Debug|Any CPU
		{E3F888EC-EB67-4526-AD92-8F621B4F7966}.Release|Any CPU.ActiveCfg = Release|Any CPU
		{E3F888EC-EB67-4526-AD92-8F621B4F7966}.Release|Any CPU.Build.0 = Release|Any CPU
		{E3F888EC-EB67-4526-AD92-8F621B4F7966}.Release|x64.ActiveCfg = Release|Any CPU
		{E3F888EC-EB67-4526-AD92-8F621B4F7966}.Release|x64.Build.0 = Release|Any CPU
		{E3F888EC-EB67-4526-AD92-8F621B4F7966}.Release|x86.ActiveCfg = Release|Any CPU
		{E3F888EC-EB67-4526-AD92-8F621B4F7966}.Release|x86.Build.0 = Release|Any CPU
	EndGlobalSection
	GlobalSection(SolutionProperties) = preSolution
		HideSolutionNode = FALSE
	EndGlobalSection
	GlobalSection(ExtensibilityGlobals) = postSolution
		SolutionGuid = {60E136E8-651B-4B05-B7E9-6018436A09D4}
	EndGlobalSection
	GlobalSection(TeamFoundationVersionControl) = preSolution
		SccNumberOfProjects = 8
		SccEnterpriseProvider = {4CA58AB2-18FA-4F8D-95D4-32DDF27D184C}
		SccTeamFoundationServer = https://gionani.visualstudio.com/
		SccLocalPath0 = .
		SccProjectUniqueName1 = DotsAndBoxes\\DotsAndBoxes.csproj
		SccProjectName1 = DotsAndBoxes
		SccLocalPath1 = DotsAndBoxes
		SccProjectUniqueName2 = NeuralNetwork\\NeuralNetwork.csproj
		SccProjectName2 = NeuralNetwork
		SccLocalPath2 = NeuralNetwork
		SccProjectUniqueName3 = Interfaces\\Interfaces.csproj
		SccProjectName3 = Interfaces
		SccLocalPath3 = Interfaces
		SccProjectUniqueName4 = Api\\Api.csproj
		SccProjectName4 = Api
		SccLocalPath4 = Api
		SccProjectUniqueName5 = Api.Data\\Api.Data.csproj
		SccProjectName5 = Api.Data
		SccLocalPath5 = Api.Data
		SccProjectUniqueName6 = DotsAndBoxesTests\\DotsAndBoxesTests.csproj
		SccProjectName6 = DotsAndBoxesTests
		SccLocalPath6 = DotsAndBoxesTests
		SccProjectUniqueName7 = DotsAndBoxesWeb\\DotsAndBoxesWeb.csproj
		SccProjectName7 = DotsAndBoxesWeb
		SccLocalPath7 = DotsAndBoxesWeb
	EndGlobalSection
EndGlobal
